
Microsoft Visual Studio Solution File, Format Version 12.00
# Visual Studio Version 17
VisualStudioVersion = 17.12.35707.178
MinimumVisualStudioVersion = 10.0.40219.1
Project("{FAE04EC0-301F-11D3-BF4B-00C04F79EFBC}") = "ProsaApp.ConsoleUI", "ProsaApp.ConsoleUI\ProsaApp.ConsoleUI.csproj", "{749C9059-0FCC-4EA2-9E60-CD61C95BCF3D}"
EndProject
Project("{FAE04EC0-301F-11D3-BF4B-00C04F79EFBC}") = "ProsaApp.Domain", "ProsaApp.Domain\ProsaApp.Domain.csproj", "{63B9303B-A724-45F5-89D4-FA76BF62DD5F}"
EndProject
Global
	GlobalSection(SolutionConfigurationPlatforms) = preSolution
		Debug|Any CPU = Debug|Any CPU
		Release|Any CPU = Release|Any CPU
	EndGlobalSection
	GlobalSection(ProjectConfigurationPlatforms) = postSolution
		{749C9059-0FCC-4EA2-9E60-CD61C95BCF3D}.Debug|Any CPU.ActiveCfg = Debug|Any CPU
		{749C9059-0FCC-4EA2-9E60-CD61C95BCF3D}.Debug|Any CPU.Build.0 = Debug|Any CPU
		{749C9059-0FCC-4EA2-9E60-CD61C95BCF3D}.Release|Any CPU.ActiveCfg = Release|Any CPU
		{749C9059-0FCC-4EA2-9E60-CD61C95BCF3D}.Release|Any CPU.Build.0 = Release|Any CPU
		{63B9303B-A724-45F5-89D4-FA76BF62DD5F}.Debug|Any CPU.ActiveCfg = Debug|Any CPU
		{63B9303B-A724-45F5-89D4-FA76BF62DD5F}.Debug|Any CPU.Build.0 = Debug|Any CPU
		{63B9303B-A724-45F5-89D4-FA76BF62DD5F}.Release|Any CPU.ActiveCfg = Release|Any CPU
		{63B9303B-A724-45F5-89D4-FA76BF62DD5F}.Release|Any CPU.Build.0 = Release|Any CPU
	EndGlobalSection
	GlobalSection(SolutionProperties) = preSolution
		HideSolutionNode = FALSE
	EndGlobalSection
EndGlobal
